
Microsoft Visual Studio Solution File, Format Version 12.00
# Visual Studio Version 16
VisualStudioVersion = 16.0.31624.102
MinimumVisualStudioVersion = 10.0.40219.1
Project("{8BC9CEB8-8B4A-11D0-8D11-00A0C91BC942}") = "LinkedList", "LinkedList\LinkedList.vcxproj", "{DB7A6F55-4015-4D02-A388-514051476B49}"
EndProject
Project("{8BC9CEB8-8B4A-11D0-8D11-00A0C91BC942}") = "DynamicArray", "DynamicArray\DynamicArray.vcxproj", "{CCE9675E-8EAC-4962-9346-47E07CC53168}"
EndProject
Project("{8BC9CEB8-8B4A-11D0-8D11-00A0C91BC942}") = "BinarySearchTree", "BinarySearchProject\BinarySearchProject.vcxproj", "{F66C2792-F399-4681-B724-64050AC31AD9}"
EndProject
Project("{8BC9CEB8-8B4A-11D0-8D11-00A0C91BC942}") = "RedBlackTree", "RedBlackTree\RedBlackTree.vcxproj", "{68A4424A-E533-4255-AFFC-CD94C81B0B7D}"
EndProject
Project("{8BC9CEB8-8B4A-11D0-8D11-00A0C91BC942}") = "HashTable", "HashTable\HashTable.vcxproj", "{ACD25AE0-E9DD-4C09-A583-236D1EF24673}"
EndProject
Project("{8BC9CEB8-8B4A-11D0-8D11-00A0C91BC942}") = "BinaryHeap", "BinaryHeap\BinaryHeap.vcxproj", "{20E938A0-AF06-475C-BF7A-581DDD960969}"
EndProject
Project("{8BC9CEB8-8B4A-11D0-8D11-00A0C91BC942}") = "CountingSorts", "CountingSorts\CountingSorts.vcxproj", "{62786C16-EEAD-4C47-B415-6F720FF7CCD4}"
EndProject
Global
	GlobalSection(SolutionConfigurationPlatforms) = preSolution
		Debug|x64 = Debug|x64
		Debug|x86 = Debug|x86
		Release|x64 = Release|x64
		Release|x86 = Release|x86
	EndGlobalSection
	GlobalSection(ProjectConfigurationPlatforms) = postSolution
		{DB7A6F55-4015-4D02-A388-514051476B49}.Debug|x64.ActiveCfg = Debug|x64
		{DB7A6F55-4015-4D02-A388-514051476B49}.Debug|x64.Build.0 = Debug|x64
		{DB7A6F55-4015-4D02-A388-514051476B49}.Debug|x86.ActiveCfg = Debug|Win32
		{DB7A6F55-4015-4D02-A388-514051476B49}.Debug|x86.Build.0 = Debug|Win32
		{DB7A6F55-4015-4D02-A388-514051476B49}.Release|x64.ActiveCfg = Release|x64
		{DB7A6F55-4015-4D02-A388-514051476B49}.Release|x64.Build.0 = Release|x64
		{DB7A6F55-4015-4D02-A388-514051476B49}.Release|x86.ActiveCfg = Release|Win32
		{DB7A6F55-4015-4D02-A388-514051476B49}.Release|x86.Build.0 = Release|Win32
		{CCE9675E-8EAC-4962-9346-47E07CC53168}.Debug|x64.ActiveCfg = Debug|x64
		{CCE9675E-8EAC-4962-9346-47E07CC53168}.Debug|x64.Build.0 = Debug|x64
		{CCE9675E-8EAC-4962-9346-47E07CC53168}.Debug|x86.ActiveCfg = Debug|Win32
		{CCE9675E-8EAC-4962-9346-47E07CC53168}.Debug|x86.Build.0 = Debug|Win32
		{CCE9675E-8EAC-4962-9346-47E07CC53168}.Release|x64.ActiveCfg = Release|x64
		{CCE9675E-8EAC-4962-9346-47E07CC53168}.Release|x64.Build.0 = Release|x64
		{CCE9675E-8EAC-4962-9346-47E07CC53168}.Release|x86.ActiveCfg = Release|Win32
		{CCE9675E-8EAC-4962-9346-47E07CC53168}.Release|x86.Build.0 = Release|Win32
		{F66C2792-F399-4681-B724-64050AC31AD9}.Debug|x64.ActiveCfg = Debug|x64
		{F66C2792-F399-4681-B724-64050AC31AD9}.Debug|x64.Build.0 = Debug|x64
		{F66C2792-F399-4681-B724-64050AC31AD9}.Debug|x86.ActiveCfg = Debug|Win32
		{F66C2792-F399-4681-B724-64050AC31AD9}.Debug|x86.Build.0 = Debug|Win32
		{F66C2792-F399-4681-B724-64050AC31AD9}.Release|x64.ActiveCfg = Release|x64
		{F66C2792-F399-4681-B724-64050AC31AD9}.Release|x64.Build.0 = Release|x64
		{F66C2792-F399-4681-B724-64050AC31AD9}.Release|x86.ActiveCfg = Release|Win32
		{F66C2792-F399-4681-B724-64050AC31AD9}.Release|x86.Build.0 = Release|Win32
		{68A4424A-E533-4255-AFFC-CD94C81B0B7D}.Debug|x64.ActiveCfg = Debug|x64
		{68A4424A-E533-4255-AFFC-CD94C81B0B7D}.Debug|x64.Build.0 = Debug|x64
		{68A4424A-E533-4255-AFFC-CD94C81B0B7D}.Debug|x86.ActiveCfg = Debug|Win32
		{68A4424A-E533-4255-AFFC-CD94C81B0B7D}.Debug|x86.Build.0 = Debug|Win32
		{68A4424A-E533-4255-AFFC-CD94C81B0B7D}.Release|x64.ActiveCfg = Release|x64
		{68A4424A-E533-4255-AFFC-CD94C81B0B7D}.Release|x64.Build.0 = Release|x64
		{68A4424A-E533-4255-AFFC-CD94C81B0B7D}.Release|x86.ActiveCfg = Release|Win32
		{68A4424A-E533-4255-AFFC-CD94C81B0B7D}.Release|x86.Build.0 = Release|Win32
		{ACD25AE0-E9DD-4C09-A583-236D1EF24673}.Debug|x64.ActiveCfg = Debug|x64
		{ACD25AE0-E9DD-4C09-A583-236D1EF24673}.Debug|x64.Build.0 = Debug|x64
		{ACD25AE0-E9DD-4C09-A583-236D1EF24673}.Debug|x86.ActiveCfg = Debug|Win32
		{ACD25AE0-E9DD-4C09-A583-236D1EF24673}.Debug|x86.Build.0 = Debug|Win32
		{ACD25AE0-E9DD-4C09-A583-236D1EF24673}.Release|x64.ActiveCfg = Release|x64
		{ACD25AE0-E9DD-4C09-A583-236D1EF24673}.Release|x64.Build.0 = Release|x64
		{ACD25AE0-E9DD-4C09-A583-236D1EF24673}.Release|x86.ActiveCfg = Release|Win32
		{ACD25AE0-E9DD-4C09-A583-236D1EF24673}.Release|x86.Build.0 = Release|Win32
		{20E938A0-AF06-475C-BF7A-581DDD960969}.Debug|x64.ActiveCfg = Debug|x64
		{20E938A0-AF06-475C-BF7A-581DDD960969}.Debug|x64.Build.0 = Debug|x64
		{20E938A0-AF06-475C-BF7A-581DDD960969}.Debug|x86.ActiveCfg = Debug|Win32
		{20E938A0-AF06-475C-BF7A-581DDD960969}.Debug|x86.Build.0 = Debug|Win32
		{20E938A0-AF06-475C-BF7A-581DDD960969}.Release|x64.ActiveCfg = Release|x64
		{20E938A0-AF06-475C-BF7A-581DDD960969}.Release|x64.Build.0 = Release|x64
		{20E938A0-AF06-475C-BF7A-581DDD960969}.Release|x86.ActiveCfg = Release|Win32
		{20E938A0-AF06-475C-BF7A-581DDD960969}.Release|x86.Build.0 = Release|Win32
		{62786C16-EEAD-4C47-B415-6F720FF7CCD4}.Debug|x64.ActiveCfg = Debug|x64
		{62786C16-EEAD-4C47-B415-6F720FF7CCD4}.Debug|x64.Build.0 = Debug|x64
		{62786C16-EEAD-4C47-B415-6F720FF7CCD4}.Debug|x86.ActiveCfg = Debug|Win32
		{62786C16-EEAD-4C47-B415-6F720FF7CCD4}.Debug|x86.Build.0 = Debug|Win32
		{62786C16-EEAD-4C47-B415-6F720FF7CCD4}.Release|x64.ActiveCfg = Release|x64
		{62786C16-EEAD-4C47-B415-6F720FF7CCD4}.Release|x64.Build.0 = Release|x64
		{62786C16-EEAD-4C47-B415-6F720FF7CCD4}.Release|x86.ActiveCfg = Release|Win32
		{62786C16-EEAD-4C47-B415-6F720FF7CCD4}.Release|x86.Build.0 = Release|Win32
	EndGlobalSection
	GlobalSection(SolutionProperties) = preSolution
		HideSolutionNode = FALSE
	EndGlobalSection
	GlobalSection(ExtensibilityGlobals) = postSolution
		SolutionGuid = {A429369C-E88F-4A85-BAFF-31D963051EB2}
	EndGlobalSection
EndGlobal
